
Microsoft Visual Studio Solution File, Format Version 12.00
# Visual Studio 14
VisualStudioVersion = 14.0.25420.1
MinimumVisualStudioVersion = 10.0.40219.1
Project("{FAE04EC0-301F-11D3-BF4B-00C04F79EFBC}") = "settleMetal", "settleMetal\settleMetal\settleMetal.csproj", "{FD36FD4D-41DD-4864-AF14-5AA5A69A8071}"
EndProject
Project("{FAE04EC0-301F-11D3-BF4B-00C04F79EFBC}") = "settleMetal.Droid", "settleMetal\settleMetal.Droid\settleMetal.Droid.csproj", "{66537AC8-A8F5-40C8-BB46-0A72415C9F61}"
EndProject
Project("{FAE04EC0-301F-11D3-BF4B-00C04F79EFBC}") = "settleMetal.iOS", "settleMetal\settleMetal.iOS\settleMetal.iOS.csproj", "{F57CA592-C677-43C5-B21C-46412C888558}"
EndProject
Project("{FAE04EC0-301F-11D3-BF4B-00C04F79EFBC}") = "settleMetal.WinPhone", "settleMetal\settleMetal.WinPhone\settleMetal.WinPhone.csproj", "{E09A11E6-19AF-414F-A7C4-213AF5544483}"
EndProject
Project("{FAE04EC0-301F-11D3-BF4B-00C04F79EFBC}") = "settleMetal.UWP", "settleMetal\settleMetal.UWP\settleMetal.UWP.csproj", "{E2794999-4183-481B-A2CD-5E5F6DA41CFC}"
EndProject
Project("{FAE04EC0-301F-11D3-BF4B-00C04F79EFBC}") = "settleMetal.Windows", "settleMetal\settleMetal.Windows\settleMetal.Windows.csproj", "{A2B015F5-63A3-4061-8BD6-61D716DA3389}"
EndProject
Global
	GlobalSection(SolutionConfigurationPlatforms) = preSolution
		Ad-Hoc|Any CPU = Ad-Hoc|Any CPU
		Ad-Hoc|ARM = Ad-Hoc|ARM
		Ad-Hoc|iPhone = Ad-Hoc|iPhone
		Ad-Hoc|iPhoneSimulator = Ad-Hoc|iPhoneSimulator
		Ad-Hoc|x64 = Ad-Hoc|x64
		Ad-Hoc|x86 = Ad-Hoc|x86
		AppStore|Any CPU = AppStore|Any CPU
		AppStore|ARM = AppStore|ARM
		AppStore|iPhone = AppStore|iPhone
		AppStore|iPhoneSimulator = AppStore|iPhoneSimulator
		AppStore|x64 = AppStore|x64
		AppStore|x86 = AppStore|x86
		Debug|Any CPU = Debug|Any CPU
		Debug|ARM = Debug|ARM
		Debug|iPhone = Debug|iPhone
		Debug|iPhoneSimulator = Debug|iPhoneSimulator
		Debug|x64 = Debug|x64
		Debug|x86 = Debug|x86
		Release|Any CPU = Release|Any CPU
		Release|ARM = Release|ARM
		Release|iPhone = Release|iPhone
		Release|iPhoneSimulator = Release|iPhoneSimulator
		Release|x64 = Release|x64
		Release|x86 = Release|x86
	EndGlobalSection
	GlobalSection(ProjectConfigurationPlatforms) = postSolution
		{FD36FD4D-41DD-4864-AF14-5AA5A69A8071}.Ad-Hoc|Any CPU.ActiveCfg = Release|Any CPU
		{FD36FD4D-41DD-4864-AF14-5AA5A69A8071}.Ad-Hoc|Any CPU.Build.0 = Release|Any CPU
		{FD36FD4D-41DD-4864-AF14-5AA5A69A8071}.Ad-Hoc|ARM.ActiveCfg = Release|Any CPU
		{FD36FD4D-41DD-4864-AF14-5AA5A69A8071}.Ad-Hoc|ARM.Build.0 = Release|Any CPU
		{FD36FD4D-41DD-4864-AF14-5AA5A69A8071}.Ad-Hoc|iPhone.ActiveCfg = Release|Any CPU
		{FD36FD4D-41DD-4864-AF14-5AA5A69A8071}.Ad-Hoc|iPhone.Build.0 = Release|Any CPU
		{FD36FD4D-41DD-4864-AF14-5AA5A69A8071}.Ad-Hoc|iPhoneSimulator.ActiveCfg = Release|Any CPU
		{FD36FD4D-41DD-4864-AF14-5AA5A69A8071}.Ad-Hoc|iPhoneSimulator.Build.0 = Release|Any CPU
		{FD36FD4D-41DD-4864-AF14-5AA5A69A8071}.Ad-Hoc|x64.ActiveCfg = Release|Any CPU
		{FD36FD4D-41DD-4864-AF14-5AA5A69A8071}.Ad-Hoc|x64.Build.0 = Release|Any CPU
		{FD36FD4D-41DD-4864-AF14-5AA5A69A8071}.Ad-Hoc|x86.ActiveCfg = Release|Any CPU
		{FD36FD4D-41DD-4864-AF14-5AA5A69A8071}.Ad-Hoc|x86.Build.0 = Release|Any CPU
		{FD36FD4D-41DD-4864-AF14-5AA5A69A8071}.AppStore|Any CPU.ActiveCfg = Release|Any CPU
		{FD36FD4D-41DD-4864-AF14-5AA5A69A8071}.AppStore|Any CPU.Build.0 = Release|Any CPU
		{FD36FD4D-41DD-4864-AF14-5AA5A69A8071}.AppStore|ARM.ActiveCfg = Release|Any CPU
		{FD36FD4D-41DD-4864-AF14-5AA5A69A8071}.AppStore|ARM.Build.0 = Release|Any CPU
		{FD36FD4D-41DD-4864-AF14-5AA5A69A8071}.AppStore|iPhone.ActiveCfg = Release|Any CPU
		{FD36FD4D-41DD-4864-AF14-5AA5A69A8071}.AppStore|iPhone.Build.0 = Release|Any CPU
		{FD36FD4D-41DD-4864-AF14-5AA5A69A8071}.AppStore|iPhoneSimulator.ActiveCfg = Release|Any CPU
		{FD36FD4D-41DD-4864-AF14-5AA5A69A8071}.AppStore|iPhoneSimulator.Build.0 = Release|Any CPU
		{FD36FD4D-41DD-4864-AF14-5AA5A69A8071}.AppStore|x64.ActiveCfg = Release|Any CPU
		{FD36FD4D-41DD-4864-AF14-5AA5A69A8071}.AppStore|x64.Build.0 = Release|Any CPU
		{FD36FD4D-41DD-4864-AF14-5AA5A69A8071}.AppStore|x86.ActiveCfg = Release|Any CPU
		{FD36FD4D-41DD-4864-AF14-5AA5A69A8071}.AppStore|x86.Build.0 = Release|Any CPU
		{FD36FD4D-41DD-4864-AF14-5AA5A69A8071}.Debug|Any CPU.ActiveCfg = Debug|Any CPU
		{FD36FD4D-41DD-4864-AF14-5AA5A69A8071}.Debug|Any CPU.Build.0 = Debug|Any CPU
		{FD36FD4D-41DD-4864-AF14-5AA5A69A8071}.Debug|ARM.ActiveCfg = Debug|Any CPU
		{FD36FD4D-41DD-4864-AF14-5AA5A69A8071}.Debug|ARM.Build.0 = Debug|Any CPU
		{FD36FD4D-41DD-4864-AF14-5AA5A69A8071}.Debug|iPhone.ActiveCfg = Debug|Any CPU
		{FD36FD4D-41DD-4864-AF14-5AA5A69A8071}.Debug|iPhone.Build.0 = Debug|Any CPU
		{FD36FD4D-41DD-4864-AF14-5AA5A69A8071}.Debug|iPhoneSimulator.ActiveCfg = Debug|Any CPU
		{FD36FD4D-41DD-4864-AF14-5AA5A69A8071}.Debug|iPhoneSimulator.Build.0 = Debug|Any CPU
		{FD36FD4D-41DD-4864-AF14-5AA5A69A8071}.Debug|x64.ActiveCfg = Debug|Any CPU
		{FD36FD4D-41DD-4864-AF14-5AA5A69A8071}.Debug|x64.Build.0 = Debug|Any CPU
		{FD36FD4D-41DD-4864-AF14-5AA5A69A8071}.Debug|x86.ActiveCfg = Debug|Any CPU
		{FD36FD4D-41DD-4864-AF14-5AA5A69A8071}.Debug|x86.Build.0 = Debug|Any CPU
		{FD36FD4D-41DD-4864-AF14-5AA5A69A8071}.Release|Any CPU.ActiveCfg = Release|Any CPU
		{FD36FD4D-41DD-4864-AF14-5AA5A69A8071}.Release|Any CPU.Build.0 = Release|Any CPU
		{FD36FD4D-41DD-4864-AF14-5AA5A69A8071}.Release|ARM.ActiveCfg = Release|Any CPU
		{FD36FD4D-41DD-4864-AF14-5AA5A69A8071}.Release|ARM.Build.0 = Release|Any CPU
		{FD36FD4D-41DD-4864-AF14-5AA5A69A8071}.Release|iPhone.ActiveCfg = Release|Any CPU
		{FD36FD4D-41DD-4864-AF14-5AA5A69A8071}.Release|iPhone.Build.0 = Release|Any CPU
		{FD36FD4D-41DD-4864-AF14-5AA5A69A8071}.Release|iPhoneSimulator.ActiveCfg = Release|Any CPU
		{FD36FD4D-41DD-4864-AF14-5AA5A69A8071}.Release|iPhoneSimulator.Build.0 = Release|Any CPU
		{FD36FD4D-41DD-4864-AF14-5AA5A69A8071}.Release|x64.ActiveCfg = Release|Any CPU
		{FD36FD4D-41DD-4864-AF14-5AA5A69A8071}.Release|x64.Build.0 = Release|Any CPU
		{FD36FD4D-41DD-4864-AF14-5AA5A69A8071}.Release|x86.ActiveCfg = Release|Any CPU
		{FD36FD4D-41DD-4864-AF14-5AA5A69A8071}.Release|x86.Build.0 = Release|Any CPU
		{66537AC8-A8F5-40C8-BB46-0A72415C9F61}.Ad-Hoc|Any CPU.ActiveCfg = Release|Any CPU
		{66537AC8-A8F5-40C8-BB46-0A72415C9F61}.Ad-Hoc|Any CPU.Build.0 = Release|Any CPU
		{66537AC8-A8F5-40C8-BB46-0A72415C9F61}.Ad-Hoc|Any CPU.Deploy.0 = Release|Any CPU
		{66537AC8-A8F5-40C8-BB46-0A72415C9F61}.Ad-Hoc|ARM.ActiveCfg = Release|Any CPU
		{66537AC8-A8F5-40C8-BB46-0A72415C9F61}.Ad-Hoc|ARM.Build.0 = Release|Any CPU
		{66537AC8-A8F5-40C8-BB46-0A72415C9F61}.Ad-Hoc|ARM.Deploy.0 = Release|Any CPU
		{66537AC8-A8F5-40C8-BB46-0A72415C9F61}.Ad-Hoc|iPhone.ActiveCfg = Release|Any CPU
		{66537AC8-A8F5-40C8-BB46-0A72415C9F61}.Ad-Hoc|iPhone.Build.0 = Release|Any CPU
		{66537AC8-A8F5-40C8-BB46-0A72415C9F61}.Ad-Hoc|iPhone.Deploy.0 = Release|Any CPU
		{66537AC8-A8F5-40C8-BB46-0A72415C9F61}.Ad-Hoc|iPhoneSimulator.ActiveCfg = Release|Any CPU
		{66537AC8-A8F5-40C8-BB46-0A72415C9F61}.Ad-Hoc|iPhoneSimulator.Build.0 = Release|Any CPU
		{66537AC8-A8F5-40C8-BB46-0A72415C9F61}.Ad-Hoc|iPhoneSimulator.Deploy.0 = Release|Any CPU
		{66537AC8-A8F5-40C8-BB46-0A72415C9F61}.Ad-Hoc|x64.ActiveCfg = Release|Any CPU
		{66537AC8-A8F5-40C8-BB46-0A72415C9F61}.Ad-Hoc|x64.Build.0 = Release|Any CPU
		{66537AC8-A8F5-40C8-BB46-0A72415C9F61}.Ad-Hoc|x64.Deploy.0 = Release|Any CPU
		{66537AC8-A8F5-40C8-BB46-0A72415C9F61}.Ad-Hoc|x86.ActiveCfg = Release|Any CPU
		{66537AC8-A8F5-40C8-BB46-0A72415C9F61}.Ad-Hoc|x86.Build.0 = Release|Any CPU
		{66537AC8-A8F5-40C8-BB46-0A72415C9F61}.Ad-Hoc|x86.Deploy.0 = Release|Any CPU
		{66537AC8-A8F5-40C8-BB46-0A72415C9F61}.AppStore|Any CPU.ActiveCfg = Release|Any CPU
		{66537AC8-A8F5-40C8-BB46-0A72415C9F61}.AppStore|Any CPU.Build.0 = Release|Any CPU
		{66537AC8-A8F5-40C8-BB46-0A72415C9F61}.AppStore|Any CPU.Deploy.0 = Release|Any CPU
		{66537AC8-A8F5-40C8-BB46-0A72415C9F61}.AppStore|ARM.ActiveCfg = Release|Any CPU
		{66537AC8-A8F5-40C8-BB46-0A72415C9F61}.AppStore|ARM.Build.0 = Release|Any CPU
		{66537AC8-A8F5-40C8-BB46-0A72415C9F61}.AppStore|ARM.Deploy.0 = Release|Any CPU
		{66537AC8-A8F5-40C8-BB46-0A72415C9F61}.AppStore|iPhone.ActiveCfg = Release|Any CPU
		{66537AC8-A8F5-40C8-BB46-0A72415C9F61}.AppStore|iPhone.Build.0 = Release|Any CPU
		{66537AC8-A8F5-40C8-BB46-0A72415C9F61}.AppStore|iPhone.Deploy.0 = Release|Any CPU
		{66537AC8-A8F5-40C8-BB46-0A72415C9F61}.AppStore|iPhoneSimulator.ActiveCfg = Release|Any CPU
		{66537AC8-A8F5-40C8-BB46-0A72415C9F61}.AppStore|iPhoneSimulator.Build.0 = Release|Any CPU
		{66537AC8-A8F5-40C8-BB46-0A72415C9F61}.AppStore|iPhoneSimulator.Deploy.0 = Release|Any CPU
		{66537AC8-A8F5-40C8-BB46-0A72415C9F61}.AppStore|x64.ActiveCfg = Release|Any CPU
		{66537AC8-A8F5-40C8-BB46-0A72415C9F61}.AppStore|x64.Build.0 = Release|Any CPU
		{66537AC8-A8F5-40C8-BB46-0A72415C9F61}.AppStore|x64.Deploy.0 = Release|Any CPU
		{66537AC8-A8F5-40C8-BB46-0A72415C9F61}.AppStore|x86.ActiveCfg = Release|Any CPU
		{66537AC8-A8F5-40C8-BB46-0A72415C9F61}.AppStore|x86.Build.0 = Release|Any CPU
		{66537AC8-A8F5-40C8-BB46-0A72415C9F61}.AppStore|x86.Deploy.0 = Release|Any CPU
		{66537AC8-A8F5-40C8-BB46-0A72415C9F61}.Debug|Any CPU.ActiveCfg = Debug|Any CPU
		{66537AC8-A8F5-40C8-BB46-0A72415C9F61}.Debug|Any CPU.Build.0 = Debug|Any CPU
		{66537AC8-A8F5-40C8-BB46-0A72415C9F61}.Debug|Any CPU.Deploy.0 = Debug|Any CPU
		{66537AC8-A8F5-40C8-BB46-0A72415C9F61}.Debug|ARM.ActiveCfg = Debug|Any CPU
		{66537AC8-A8F5-40C8-BB46-0A72415C9F61}.Debug|ARM.Build.0 = Debug|Any CPU
		{66537AC8-A8F5-40C8-BB46-0A72415C9F61}.Debug|ARM.Deploy.0 = Debug|Any CPU
		{66537AC8-A8F5-40C8-BB46-0A72415C9F61}.Debug|iPhone.ActiveCfg = Debug|Any CPU
		{66537AC8-A8F5-40C8-BB46-0A72415C9F61}.Debug|iPhone.Build.0 = Debug|Any CPU
		{66537AC8-A8F5-40C8-BB46-0A72415C9F61}.Debug|iPhone.Deploy.0 = Debug|Any CPU
		{66537AC8-A8F5-40C8-BB46-0A72415C9F61}.Debug|iPhoneSimulator.ActiveCfg = Debug|Any CPU
		{66537AC8-A8F5-40C8-BB46-0A72415C9F61}.Debug|iPhoneSimulator.Build.0 = Debug|Any CPU
		{66537AC8-A8F5-40C8-BB46-0A72415C9F61}.Debug|iPhoneSimulator.Deploy.0 = Debug|Any CPU
		{66537AC8-A8F5-40C8-BB46-0A72415C9F61}.Debug|x64.ActiveCfg = Debug|Any CPU
		{66537AC8-A8F5-40C8-BB46-0A72415C9F61}.Debug|x64.Build.0 = Debug|Any CPU
		{66537AC8-A8F5-40C8-BB46-0A72415C9F61}.Debug|x64.Deploy.0 = Debug|Any CPU
		{66537AC8-A8F5-40C8-BB46-0A72415C9F61}.Debug|x86.ActiveCfg = Debug|Any CPU
		{66537AC8-A8F5-40C8-BB46-0A72415C9F61}.Debug|x86.Build.0 = Debug|Any CPU
		{66537AC8-A8F5-40C8-BB46-0A72415C9F61}.Debug|x86.Deploy.0 = Debug|Any CPU
		{66537AC8-A8F5-40C8-BB46-0A72415C9F61}.Release|Any CPU.ActiveCfg = Release|Any CPU
		{66537AC8-A8F5-40C8-BB46-0A72415C9F61}.Release|Any CPU.Build.0 = Release|Any CPU
		{66537AC8-A8F5-40C8-BB46-0A72415C9F61}.Release|Any CPU.Deploy.0 = Release|Any CPU
		{66537AC8-A8F5-40C8-BB46-0A72415C9F61}.Release|ARM.ActiveCfg = Release|Any CPU
		{66537AC8-A8F5-40C8-BB46-0A72415C9F61}.Release|ARM.Build.0 = Release|Any CPU
		{66537AC8-A8F5-40C8-BB46-0A72415C9F61}.Release|ARM.Deploy.0 = Release|Any CPU
		{66537AC8-A8F5-40C8-BB46-0A72415C9F61}.Release|iPhone.ActiveCfg = Release|Any CPU
		{66537AC8-A8F5-40C8-BB46-0A72415C9F61}.Release|iPhone.Build.0 = Release|Any CPU
		{66537AC8-A8F5-40C8-BB46-0A72415C9F61}.Release|iPhone.Deploy.0 = Release|Any CPU
		{66537AC8-A8F5-40C8-BB46-0A72415C9F61}.Release|iPhoneSimulator.ActiveCfg = Release|Any CPU
		{66537AC8-A8F5-40C8-BB46-0A72415C9F61}.Release|iPhoneSimulator.Build.0 = Release|Any CPU
		{66537AC8-A8F5-40C8-BB46-0A72415C9F61}.Release|iPhoneSimulator.Deploy.0 = Release|Any CPU
		{66537AC8-A8F5-40C8-BB46-0A72415C9F61}.Release|x64.ActiveCfg = Release|Any CPU
		{66537AC8-A8F5-40C8-BB46-0A72415C9F61}.Release|x64.Build.0 = Release|Any CPU
		{66537AC8-A8F5-40C8-BB46-0A72415C9F61}.Release|x64.Deploy.0 = Release|Any CPU
		{66537AC8-A8F5-40C8-BB46-0A72415C9F61}.Release|x86.ActiveCfg = Release|Any CPU
		{66537AC8-A8F5-40C8-BB46-0A72415C9F61}.Release|x86.Build.0 = Release|Any CPU
		{66537AC8-A8F5-40C8-BB46-0A72415C9F61}.Release|x86.Deploy.0 = Release|Any CPU
		{F57CA592-C677-43C5-B21C-46412C888558}.Ad-Hoc|Any CPU.ActiveCfg = Ad-Hoc|iPhone
		{F57CA592-C677-43C5-B21C-46412C888558}.Ad-Hoc|ARM.ActiveCfg = Ad-Hoc|iPhone
		{F57CA592-C677-43C5-B21C-46412C888558}.Ad-Hoc|iPhone.ActiveCfg = Ad-Hoc|iPhone
		{F57CA592-C677-43C5-B21C-46412C888558}.Ad-Hoc|iPhone.Build.0 = Ad-Hoc|iPhone
		{F57CA592-C677-43C5-B21C-46412C888558}.Ad-Hoc|iPhoneSimulator.ActiveCfg = Ad-Hoc|iPhoneSimulator
		{F57CA592-C677-43C5-B21C-46412C888558}.Ad-Hoc|iPhoneSimulator.Build.0 = Ad-Hoc|iPhoneSimulator
		{F57CA592-C677-43C5-B21C-46412C888558}.Ad-Hoc|x64.ActiveCfg = Ad-Hoc|iPhone
		{F57CA592-C677-43C5-B21C-46412C888558}.Ad-Hoc|x86.ActiveCfg = Ad-Hoc|iPhone
		{F57CA592-C677-43C5-B21C-46412C888558}.AppStore|Any CPU.ActiveCfg = AppStore|iPhone
		{F57CA592-C677-43C5-B21C-46412C888558}.AppStore|ARM.ActiveCfg = AppStore|iPhone
		{F57CA592-C677-43C5-B21C-46412C888558}.AppStore|iPhone.ActiveCfg = AppStore|iPhone
		{F57CA592-C677-43C5-B21C-46412C888558}.AppStore|iPhone.Build.0 = AppStore|iPhone
		{F57CA592-C677-43C5-B21C-46412C888558}.AppStore|iPhoneSimulator.ActiveCfg = AppStore|iPhoneSimulator
		{F57CA592-C677-43C5-B21C-46412C888558}.AppStore|iPhoneSimulator.Build.0 = AppStore|iPhoneSimulator
		{F57CA592-C677-43C5-B21C-46412C888558}.AppStore|x64.ActiveCfg = AppStore|iPhone
		{F57CA592-C677-43C5-B21C-46412C888558}.AppStore|x86.ActiveCfg = AppStore|iPhone
		{F57CA592-C677-43C5-B21C-46412C888558}.Debug|Any CPU.ActiveCfg = Debug|iPhone
		{F57CA592-C677-43C5-B21C-46412C888558}.Debug|ARM.ActiveCfg = Debug|iPhone
		{F57CA592-C677-43C5-B21C-46412C888558}.Debug|iPhone.ActiveCfg = Debug|iPhone
		{F57CA592-C677-43C5-B21C-46412C888558}.Debug|iPhone.Build.0 = Debug|iPhone
		{F57CA592-C677-43C5-B21C-46412C888558}.Debug|iPhoneSimulator.ActiveCfg = Debug|iPhoneSimulator
		{F57CA592-C677-43C5-B21C-46412C888558}.Debug|iPhoneSimulator.Build.0 = Debug|iPhoneSimulator
		{F57CA592-C677-43C5-B21C-46412C888558}.Debug|x64.ActiveCfg = Debug|iPhone
		{F57CA592-C677-43C5-B21C-46412C888558}.Debug|x86.ActiveCfg = Debug|iPhone
		{F57CA592-C677-43C5-B21C-46412C888558}.Release|Any CPU.ActiveCfg = Release|iPhone
		{F57CA592-C677-43C5-B21C-46412C888558}.Release|ARM.ActiveCfg = Release|iPhone
		{F57CA592-C677-43C5-B21C-46412C888558}.Release|iPhone.ActiveCfg = Release|iPhone
		{F57CA592-C677-43C5-B21C-46412C888558}.Release|iPhone.Build.0 = Release|iPhone
		{F57CA592-C677-43C5-B21C-46412C888558}.Release|iPhoneSimulator.ActiveCfg = Release|iPhoneSimulator
		{F57CA592-C677-43C5-B21C-46412C888558}.Release|iPhoneSimulator.Build.0 = Release|iPhoneSimulator
		{F57CA592-C677-43C5-B21C-46412C888558}.Release|x64.ActiveCfg = Release|iPhone
		{F57CA592-C677-43C5-B21C-46412C888558}.Release|x86.ActiveCfg = Release|iPhone
		{E09A11E6-19AF-414F-A7C4-213AF5544483}.Ad-Hoc|Any CPU.ActiveCfg = Release|Any CPU
		{E09A11E6-19AF-414F-A7C4-213AF5544483}.Ad-Hoc|Any CPU.Build.0 = Release|Any CPU
		{E09A11E6-19AF-414F-A7C4-213AF5544483}.Ad-Hoc|Any CPU.Deploy.0 = Release|Any CPU
		{E09A11E6-19AF-414F-A7C4-213AF5544483}.Ad-Hoc|ARM.ActiveCfg = Release|ARM
		{E09A11E6-19AF-414F-A7C4-213AF5544483}.Ad-Hoc|ARM.Build.0 = Release|ARM
		{E09A11E6-19AF-414F-A7C4-213AF5544483}.Ad-Hoc|ARM.Deploy.0 = Release|ARM
		{E09A11E6-19AF-414F-A7C4-213AF5544483}.Ad-Hoc|iPhone.ActiveCfg = Release|Any CPU
		{E09A11E6-19AF-414F-A7C4-213AF5544483}.Ad-Hoc|iPhone.Build.0 = Release|Any CPU
		{E09A11E6-19AF-414F-A7C4-213AF5544483}.Ad-Hoc|iPhone.Deploy.0 = Release|Any CPU
		{E09A11E6-19AF-414F-A7C4-213AF5544483}.Ad-Hoc|iPhoneSimulator.ActiveCfg = Release|Any CPU
		{E09A11E6-19AF-414F-A7C4-213AF5544483}.Ad-Hoc|iPhoneSimulator.Build.0 = Release|Any CPU
		{E09A11E6-19AF-414F-A7C4-213AF5544483}.Ad-Hoc|iPhoneSimulator.Deploy.0 = Release|Any CPU
		{E09A11E6-19AF-414F-A7C4-213AF5544483}.Ad-Hoc|x64.ActiveCfg = Release|Any CPU
		{E09A11E6-19AF-414F-A7C4-213AF5544483}.Ad-Hoc|x64.Build.0 = Release|Any CPU
		{E09A11E6-19AF-414F-A7C4-213AF5544483}.Ad-Hoc|x64.Deploy.0 = Release|Any CPU
		{E09A11E6-19AF-414F-A7C4-213AF5544483}.Ad-Hoc|x86.ActiveCfg = Release|x86
		{E09A11E6-19AF-414F-A7C4-213AF5544483}.Ad-Hoc|x86.Build.0 = Release|x86
		{E09A11E6-19AF-414F-A7C4-213AF5544483}.Ad-Hoc|x86.Deploy.0 = Release|x86
		{E09A11E6-19AF-414F-A7C4-213AF5544483}.AppStore|Any CPU.ActiveCfg = Release|Any CPU
		{E09A11E6-19AF-414F-A7C4-213AF5544483}.AppStore|Any CPU.Build.0 = Release|Any CPU
		{E09A11E6-19AF-414F-A7C4-213AF5544483}.AppStore|Any CPU.Deploy.0 = Release|Any CPU
		{E09A11E6-19AF-414F-A7C4-213AF5544483}.AppStore|ARM.ActiveCfg = Release|ARM
		{E09A11E6-19AF-414F-A7C4-213AF5544483}.AppStore|ARM.Build.0 = Release|ARM
		{E09A11E6-19AF-414F-A7C4-213AF5544483}.AppStore|ARM.Deploy.0 = Release|ARM
		{E09A11E6-19AF-414F-A7C4-213AF5544483}.AppStore|iPhone.ActiveCfg = Release|Any CPU
		{E09A11E6-19AF-414F-A7C4-213AF5544483}.AppStore|iPhone.Build.0 = Release|Any CPU
		{E09A11E6-19AF-414F-A7C4-213AF5544483}.AppStore|iPhone.Deploy.0 = Release|Any CPU
		{E09A11E6-19AF-414F-A7C4-213AF5544483}.AppStore|iPhoneSimulator.ActiveCfg = Release|Any CPU
		{E09A11E6-19AF-414F-A7C4-213AF5544483}.AppStore|iPhoneSimulator.Build.0 = Release|Any CPU
		{E09A11E6-19AF-414F-A7C4-213AF5544483}.AppStore|iPhoneSimulator.Deploy.0 = Release|Any CPU
		{E09A11E6-19AF-414F-A7C4-213AF5544483}.AppStore|x64.ActiveCfg = Release|Any CPU
		{E09A11E6-19AF-414F-A7C4-213AF5544483}.AppStore|x64.Build.0 = Release|Any CPU
		{E09A11E6-19AF-414F-A7C4-213AF5544483}.AppStore|x64.Deploy.0 = Release|Any CPU
		{E09A11E6-19AF-414F-A7C4-213AF5544483}.AppStore|x86.ActiveCfg = Release|x86
		{E09A11E6-19AF-414F-A7C4-213AF5544483}.AppStore|x86.Build.0 = Release|x86
		{E09A11E6-19AF-414F-A7C4-213AF5544483}.AppStore|x86.Deploy.0 = Release|x86
		{E09A11E6-19AF-414F-A7C4-213AF5544483}.Debug|Any CPU.ActiveCfg = Debug|Any CPU
		{E09A11E6-19AF-414F-A7C4-213AF5544483}.Debug|Any CPU.Build.0 = Debug|Any CPU
		{E09A11E6-19AF-414F-A7C4-213AF5544483}.Debug|Any CPU.Deploy.0 = Debug|Any CPU
		{E09A11E6-19AF-414F-A7C4-213AF5544483}.Debug|ARM.ActiveCfg = Debug|ARM
		{E09A11E6-19AF-414F-A7C4-213AF5544483}.Debug|ARM.Build.0 = Debug|ARM
		{E09A11E6-19AF-414F-A7C4-213AF5544483}.Debug|ARM.Deploy.0 = Debug|ARM
		{E09A11E6-19AF-414F-A7C4-213AF5544483}.Debug|iPhone.ActiveCfg = Debug|Any CPU
		{E09A11E6-19AF-414F-A7C4-213AF5544483}.Debug|iPhone.Build.0 = Debug|Any CPU
		{E09A11E6-19AF-414F-A7C4-213AF5544483}.Debug|iPhone.Deploy.0 = Debug|Any CPU
		{E09A11E6-19AF-414F-A7C4-213AF5544483}.Debug|iPhoneSimulator.ActiveCfg = Debug|Any CPU
		{E09A11E6-19AF-414F-A7C4-213AF5544483}.Debug|iPhoneSimulator.Build.0 = Debug|Any CPU
		{E09A11E6-19AF-414F-A7C4-213AF5544483}.Debug|iPhoneSimulator.Deploy.0 = Debug|Any CPU
		{E09A11E6-19AF-414F-A7C4-213AF5544483}.Debug|x64.ActiveCfg = Debug|Any CPU
		{E09A11E6-19AF-414F-A7C4-213AF5544483}.Debug|x64.Build.0 = Debug|Any CPU
		{E09A11E6-19AF-414F-A7C4-213AF5544483}.Debug|x64.Deploy.0 = Debug|Any CPU
		{E09A11E6-19AF-414F-A7C4-213AF5544483}.Debug|x86.ActiveCfg = Debug|x86
		{E09A11E6-19AF-414F-A7C4-213AF5544483}.Debug|x86.Build.0 = Debug|x86
		{E09A11E6-19AF-414F-A7C4-213AF5544483}.Debug|x86.Deploy.0 = Debug|x86
		{E09A11E6-19AF-414F-A7C4-213AF5544483}.Release|Any CPU.ActiveCfg = Release|Any CPU
		{E09A11E6-19AF-414F-A7C4-213AF5544483}.Release|Any CPU.Build.0 = Release|Any CPU
		{E09A11E6-19AF-414F-A7C4-213AF5544483}.Release|Any CPU.Deploy.0 = Release|Any CPU
		{E09A11E6-19AF-414F-A7C4-213AF5544483}.Release|ARM.ActiveCfg = Release|ARM
		{E09A11E6-19AF-414F-A7C4-213AF5544483}.Release|ARM.Build.0 = Release|ARM
		{E09A11E6-19AF-414F-A7C4-213AF5544483}.Release|ARM.Deploy.0 = Release|ARM
		{E09A11E6-19AF-414F-A7C4-213AF5544483}.Release|iPhone.ActiveCfg = Release|Any CPU
		{E09A11E6-19AF-414F-A7C4-213AF5544483}.Release|iPhone.Build.0 = Release|Any CPU
		{E09A11E6-19AF-414F-A7C4-213AF5544483}.Release|iPhone.Deploy.0 = Release|Any CPU
		{E09A11E6-19AF-414F-A7C4-213AF5544483}.Release|iPhoneSimulator.ActiveCfg = Release|Any CPU
		{E09A11E6-19AF-414F-A7C4-213AF5544483}.Release|iPhoneSimulator.Build.0 = Release|Any CPU
		{E09A11E6-19AF-414F-A7C4-213AF5544483}.Release|iPhoneSimulator.Deploy.0 = Release|Any CPU
		{E09A11E6-19AF-414F-A7C4-213AF5544483}.Release|x64.ActiveCfg = Release|Any CPU
		{E09A11E6-19AF-414F-A7C4-213AF5544483}.Release|x64.Build.0 = Release|Any CPU
		{E09A11E6-19AF-414F-A7C4-213AF5544483}.Release|x64.Deploy.0 = Release|Any CPU
		{E09A11E6-19AF-414F-A7C4-213AF5544483}.Release|x86.ActiveCfg = Release|x86
		{E09A11E6-19AF-414F-A7C4-213AF5544483}.Release|x86.Build.0 = Release|x86
		{E09A11E6-19AF-414F-A7C4-213AF5544483}.Release|x86.Deploy.0 = Release|x86
		{E2794999-4183-481B-A2CD-5E5F6DA41CFC}.Ad-Hoc|Any CPU.ActiveCfg = Release|x86
		{E2794999-4183-481B-A2CD-5E5F6DA41CFC}.Ad-Hoc|Any CPU.Build.0 = Release|x86
		{E2794999-4183-481B-A2CD-5E5F6DA41CFC}.Ad-Hoc|Any CPU.Deploy.0 = Release|x86
		{E2794999-4183-481B-A2CD-5E5F6DA41CFC}.Ad-Hoc|ARM.ActiveCfg = Release|ARM
		{E2794999-4183-481B-A2CD-5E5F6DA41CFC}.Ad-Hoc|ARM.Build.0 = Release|ARM
		{E2794999-4183-481B-A2CD-5E5F6DA41CFC}.Ad-Hoc|ARM.Deploy.0 = Release|ARM
		{E2794999-4183-481B-A2CD-5E5F6DA41CFC}.Ad-Hoc|iPhone.ActiveCfg = Release|x86
		{E2794999-4183-481B-A2CD-5E5F6DA41CFC}.Ad-Hoc|iPhone.Build.0 = Release|x86
		{E2794999-4183-481B-A2CD-5E5F6DA41CFC}.Ad-Hoc|iPhone.Deploy.0 = Release|x86
		{E2794999-4183-481B-A2CD-5E5F6DA41CFC}.Ad-Hoc|iPhoneSimulator.ActiveCfg = Release|x86
		{E2794999-4183-481B-A2CD-5E5F6DA41CFC}.Ad-Hoc|iPhoneSimulator.Build.0 = Release|x86
		{E2794999-4183-481B-A2CD-5E5F6DA41CFC}.Ad-Hoc|iPhoneSimulator.Deploy.0 = Release|x86
		{E2794999-4183-481B-A2CD-5E5F6DA41CFC}.Ad-Hoc|x64.ActiveCfg = Release|x64
		{E2794999-4183-481B-A2CD-5E5F6DA41CFC}.Ad-Hoc|x64.Build.0 = Release|x64
		{E2794999-4183-481B-A2CD-5E5F6DA41CFC}.Ad-Hoc|x64.Deploy.0 = Release|x64
		{E2794999-4183-481B-A2CD-5E5F6DA41CFC}.Ad-Hoc|x86.ActiveCfg = Release|x86
		{E2794999-4183-481B-A2CD-5E5F6DA41CFC}.Ad-Hoc|x86.Build.0 = Release|x86
		{E2794999-4183-481B-A2CD-5E5F6DA41CFC}.Ad-Hoc|x86.Deploy.0 = Release|x86
		{E2794999-4183-481B-A2CD-5E5F6DA41CFC}.AppStore|Any CPU.ActiveCfg = Release|x86
		{E2794999-4183-481B-A2CD-5E5F6DA41CFC}.AppStore|Any CPU.Build.0 = Release|x86
		{E2794999-4183-481B-A2CD-5E5F6DA41CFC}.AppStore|Any CPU.Deploy.0 = Release|x86
		{E2794999-4183-481B-A2CD-5E5F6DA41CFC}.AppStore|ARM.ActiveCfg = Release|ARM
		{E2794999-4183-481B-A2CD-5E5F6DA41CFC}.AppStore|ARM.Build.0 = Release|ARM
		{E2794999-4183-481B-A2CD-5E5F6DA41CFC}.AppStore|ARM.Deploy.0 = Release|ARM
		{E2794999-4183-481B-A2CD-5E5F6DA41CFC}.AppStore|iPhone.ActiveCfg = Release|x86
		{E2794999-4183-481B-A2CD-5E5F6DA41CFC}.AppStore|iPhone.Build.0 = Release|x86
		{E2794999-4183-481B-A2CD-5E5F6DA41CFC}.AppStore|iPhone.Deploy.0 = Release|x86
		{E2794999-4183-481B-A2CD-5E5F6DA41CFC}.AppStore|iPhoneSimulator.ActiveCfg = Release|x86
		{E2794999-4183-481B-A2CD-5E5F6DA41CFC}.AppStore|iPhoneSimulator.Build.0 = Release|x86
		{E2794999-4183-481B-A2CD-5E5F6DA41CFC}.AppStore|iPhoneSimulator.Deploy.0 = Release|x86
		{E2794999-4183-481B-A2CD-5E5F6DA41CFC}.AppStore|x64.ActiveCfg = Release|x64
		{E2794999-4183-481B-A2CD-5E5F6DA41CFC}.AppStore|x64.Build.0 = Release|x64
		{E2794999-4183-481B-A2CD-5E5F6DA41CFC}.AppStore|x64.Deploy.0 = Release|x64
		{E2794999-4183-481B-A2CD-5E5F6DA41CFC}.AppStore|x86.ActiveCfg = Release|x86
		{E2794999-4183-481B-A2CD-5E5F6DA41CFC}.AppStore|x86.Build.0 = Release|x86
		{E2794999-4183-481B-A2CD-5E5F6DA41CFC}.AppStore|x86.Deploy.0 = Release|x86
		{E2794999-4183-481B-A2CD-5E5F6DA41CFC}.Debug|Any CPU.ActiveCfg = Debug|x86
		{E2794999-4183-481B-A2CD-5E5F6DA41CFC}.Debug|ARM.ActiveCfg = Debug|ARM
		{E2794999-4183-481B-A2CD-5E5F6DA41CFC}.Debug|ARM.Build.0 = Debug|ARM
		{E2794999-4183-481B-A2CD-5E5F6DA41CFC}.Debug|ARM.Deploy.0 = Debug|ARM
		{E2794999-4183-481B-A2CD-5E5F6DA41CFC}.Debug|iPhone.ActiveCfg = Debug|x86
		{E2794999-4183-481B-A2CD-5E5F6DA41CFC}.Debug|iPhoneSimulator.ActiveCfg = Debug|x86
		{E2794999-4183-481B-A2CD-5E5F6DA41CFC}.Debug|x64.ActiveCfg = Debug|x64
		{E2794999-4183-481B-A2CD-5E5F6DA41CFC}.Debug|x64.Build.0 = Debug|x64
		{E2794999-4183-481B-A2CD-5E5F6DA41CFC}.Debug|x64.Deploy.0 = Debug|x64
		{E2794999-4183-481B-A2CD-5E5F6DA41CFC}.Debug|x86.ActiveCfg = Debug|x86
		{E2794999-4183-481B-A2CD-5E5F6DA41CFC}.Debug|x86.Build.0 = Debug|x86
		{E2794999-4183-481B-A2CD-5E5F6DA41CFC}.Debug|x86.Deploy.0 = Debug|x86
		{E2794999-4183-481B-A2CD-5E5F6DA41CFC}.Release|Any CPU.ActiveCfg = Release|x86
		{E2794999-4183-481B-A2CD-5E5F6DA41CFC}.Release|ARM.ActiveCfg = Release|ARM
		{E2794999-4183-481B-A2CD-5E5F6DA41CFC}.Release|ARM.Build.0 = Release|ARM
		{E2794999-4183-481B-A2CD-5E5F6DA41CFC}.Release|ARM.Deploy.0 = Release|ARM
		{E2794999-4183-481B-A2CD-5E5F6DA41CFC}.Release|iPhone.ActiveCfg = Release|x86
		{E2794999-4183-481B-A2CD-5E5F6DA41CFC}.Release|iPhoneSimulator.ActiveCfg = Release|x86
		{E2794999-4183-481B-A2CD-5E5F6DA41CFC}.Release|x64.ActiveCfg = Release|x64
		{E2794999-4183-481B-A2CD-5E5F6DA41CFC}.Release|x64.Build.0 = Release|x64
		{E2794999-4183-481B-A2CD-5E5F6DA41CFC}.Release|x64.Deploy.0 = Release|x64
		{E2794999-4183-481B-A2CD-5E5F6DA41CFC}.Release|x86.ActiveCfg = Release|x86
		{E2794999-4183-481B-A2CD-5E5F6DA41CFC}.Release|x86.Build.0 = Release|x86
		{E2794999-4183-481B-A2CD-5E5F6DA41CFC}.Release|x86.Deploy.0 = Release|x86
		{A2B015F5-63A3-4061-8BD6-61D716DA3389}.Ad-Hoc|Any CPU.ActiveCfg = Release|Any CPU
		{A2B015F5-63A3-4061-8BD6-61D716DA3389}.Ad-Hoc|Any CPU.Build.0 = Release|Any CPU
		{A2B015F5-63A3-4061-8BD6-61D716DA3389}.Ad-Hoc|Any CPU.Deploy.0 = Release|Any CPU
		{A2B015F5-63A3-4061-8BD6-61D716DA3389}.Ad-Hoc|ARM.ActiveCfg = Release|ARM
		{A2B015F5-63A3-4061-8BD6-61D716DA3389}.Ad-Hoc|ARM.Build.0 = Release|ARM
		{A2B015F5-63A3-4061-8BD6-61D716DA3389}.Ad-Hoc|ARM.Deploy.0 = Release|ARM
		{A2B015F5-63A3-4061-8BD6-61D716DA3389}.Ad-Hoc|iPhone.ActiveCfg = Release|Any CPU
		{A2B015F5-63A3-4061-8BD6-61D716DA3389}.Ad-Hoc|iPhone.Build.0 = Release|Any CPU
		{A2B015F5-63A3-4061-8BD6-61D716DA3389}.Ad-Hoc|iPhone.Deploy.0 = Release|Any CPU
		{A2B015F5-63A3-4061-8BD6-61D716DA3389}.Ad-Hoc|iPhoneSimulator.ActiveCfg = Release|Any CPU
		{A2B015F5-63A3-4061-8BD6-61D716DA3389}.Ad-Hoc|iPhoneSimulator.Build.0 = Release|Any CPU
		{A2B015F5-63A3-4061-8BD6-61D716DA3389}.Ad-Hoc|iPhoneSimulator.Deploy.0 = Release|Any CPU
		{A2B015F5-63A3-4061-8BD6-61D716DA3389}.Ad-Hoc|x64.ActiveCfg = Release|x64
		{A2B015F5-63A3-4061-8BD6-61D716DA3389}.Ad-Hoc|x64.Build.0 = Release|x64
		{A2B015F5-63A3-4061-8BD6-61D716DA3389}.Ad-Hoc|x64.Deploy.0 = Release|x64
		{A2B015F5-63A3-4061-8BD6-61D716DA3389}.Ad-Hoc|x86.ActiveCfg = Release|x86
		{A2B015F5-63A3-4061-8BD6-61D716DA3389}.Ad-Hoc|x86.Build.0 = Release|x86
		{A2B015F5-63A3-4061-8BD6-61D716DA3389}.Ad-Hoc|x86.Deploy.0 = Release|x86
		{A2B015F5-63A3-4061-8BD6-61D716DA3389}.AppStore|Any CPU.ActiveCfg = Release|Any CPU
		{A2B015F5-63A3-4061-8BD6-61D716DA3389}.AppStore|Any CPU.Build.0 = Release|Any CPU
		{A2B015F5-63A3-4061-8BD6-61D716DA3389}.AppStore|Any CPU.Deploy.0 = Release|Any CPU
		{A2B015F5-63A3-4061-8BD6-61D716DA3389}.AppStore|ARM.ActiveCfg = Release|ARM
		{A2B015F5-63A3-4061-8BD6-61D716DA3389}.AppStore|ARM.Build.0 = Release|ARM
		{A2B015F5-63A3-4061-8BD6-61D716DA3389}.AppStore|ARM.Deploy.0 = Release|ARM
		{A2B015F5-63A3-4061-8BD6-61D716DA3389}.AppStore|iPhone.ActiveCfg = Release|Any CPU
		{A2B015F5-63A3-4061-8BD6-61D716DA3389}.AppStore|iPhone.Build.0 = Release|Any CPU
		{A2B015F5-63A3-4061-8BD6-61D716DA3389}.AppStore|iPhone.Deploy.0 = Release|Any CPU
		{A2B015F5-63A3-4061-8BD6-61D716DA3389}.AppStore|iPhoneSimulator.ActiveCfg = Release|Any CPU
		{A2B015F5-63A3-4061-8BD6-61D716DA3389}.AppStore|iPhoneSimulator.Build.0 = Release|Any CPU
		{A2B015F5-63A3-4061-8BD6-61D716DA3389}.AppStore|iPhoneSimulator.Deploy.0 = Release|Any CPU
		{A2B015F5-63A3-4061-8BD6-61D716DA3389}.AppStore|x64.ActiveCfg = Release|x64
		{A2B015F5-63A3-4061-8BD6-61D716DA3389}.AppStore|x64.Build.0 = Release|x64
		{A2B015F5-63A3-4061-8BD6-61D716DA3389}.AppStore|x64.Deploy.0 = Release|x64
		{A2B015F5-63A3-4061-8BD6-61D716DA3389}.AppStore|x86.ActiveCfg = Release|x86
		{A2B015F5-63A3-4061-8BD6-61D716DA3389}.AppStore|x86.Build.0 = Release|x86
		{A2B015F5-63A3-4061-8BD6-61D716DA3389}.AppStore|x86.Deploy.0 = Release|x86
		{A2B015F5-63A3-4061-8BD6-61D716DA3389}.Debug|Any CPU.ActiveCfg = Debug|Any CPU
		{A2B015F5-63A3-4061-8BD6-61D716DA3389}.Debug|Any CPU.Build.0 = Debug|Any CPU
		{A2B015F5-63A3-4061-8BD6-61D716DA3389}.Debug|Any CPU.Deploy.0 = Debug|Any CPU
		{A2B015F5-63A3-4061-8BD6-61D716DA3389}.Debug|ARM.ActiveCfg = Debug|ARM
		{A2B015F5-63A3-4061-8BD6-61D716DA3389}.Debug|ARM.Build.0 = Debug|ARM
		{A2B015F5-63A3-4061-8BD6-61D716DA3389}.Debug|ARM.Deploy.0 = Debug|ARM
		{A2B015F5-63A3-4061-8BD6-61D716DA3389}.Debug|iPhone.ActiveCfg = Debug|Any CPU
		{A2B015F5-63A3-4061-8BD6-61D716DA3389}.Debug|iPhone.Build.0 = Debug|Any CPU
		{A2B015F5-63A3-4061-8BD6-61D716DA3389}.Debug|iPhone.Deploy.0 = Debug|Any CPU
		{A2B015F5-63A3-4061-8BD6-61D716DA3389}.Debug|iPhoneSimulator.ActiveCfg = Debug|Any CPU
		{A2B015F5-63A3-4061-8BD6-61D716DA3389}.Debug|iPhoneSimulator.Build.0 = Debug|Any CPU
		{A2B015F5-63A3-4061-8BD6-61D716DA3389}.Debug|iPhoneSimulator.Deploy.0 = Debug|Any CPU
		{A2B015F5-63A3-4061-8BD6-61D716DA3389}.Debug|x64.ActiveCfg = Debug|x64
		{A2B015F5-63A3-4061-8BD6-61D716DA3389}.Debug|x64.Build.0 = Debug|x64
		{A2B015F5-63A3-4061-8BD6-61D716DA3389}.Debug|x64.Deploy.0 = Debug|x64
		{A2B015F5-63A3-4061-8BD6-61D716DA3389}.Debug|x86.ActiveCfg = Debug|x86
		{A2B015F5-63A3-4061-8BD6-61D716DA3389}.Debug|x86.Build.0 = Debug|x86
		{A2B015F5-63A3-4061-8BD6-61D716DA3389}.Debug|x86.Deploy.0 = Debug|x86
		{A2B015F5-63A3-4061-8BD6-61D716DA3389}.Release|Any CPU.ActiveCfg = Release|Any CPU
		{A2B015F5-63A3-4061-8BD6-61D716DA3389}.Release|Any CPU.Build.0 = Release|Any CPU
		{A2B015F5-63A3-4061-8BD6-61D716DA3389}.Release|Any CPU.Deploy.0 = Release|Any CPU
		{A2B015F5-63A3-4061-8BD6-61D716DA3389}.Release|ARM.ActiveCfg = Release|ARM
		{A2B015F5-63A3-4061-8BD6-61D716DA3389}.Release|ARM.Build.0 = Release|ARM
		{A2B015F5-63A3-4061-8BD6-61D716DA3389}.Release|ARM.Deploy.0 = Release|ARM
		{A2B015F5-63A3-4061-8BD6-61D716DA3389}.Release|iPhone.ActiveCfg = Release|Any CPU
		{A2B015F5-63A3-4061-8BD6-61D716DA3389}.Release|iPhone.Build.0 = Release|Any CPU
		{A2B015F5-63A3-4061-8BD6-61D716DA3389}.Release|iPhone.Deploy.0 = Release|Any CPU
		{A2B015F5-63A3-4061-8BD6-61D716DA3389}.Release|iPhoneSimulator.ActiveCfg = Release|Any CPU
		{A2B015F5-63A3-4061-8BD6-61D716DA3389}.Release|iPhoneSimulator.Build.0 = Release|Any CPU
		{A2B015F5-63A3-4061-8BD6-61D716DA3389}.Release|iPhoneSimulator.Deploy.0 = Release|Any CPU
		{A2B015F5-63A3-4061-8BD6-61D716DA3389}.Release|x64.ActiveCfg = Release|x64
		{A2B015F5-63A3-4061-8BD6-61D716DA3389}.Release|x64.Build.0 = Release|x64
		{A2B015F5-63A3-4061-8BD6-61D716DA3389}.Release|x64.Deploy.0 = Release|x64
		{A2B015F5-63A3-4061-8BD6-61D716DA3389}.Release|x86.ActiveCfg = Release|x86
		{A2B015F5-63A3-4061-8BD6-61D716DA3389}.Release|x86.Build.0 = Release|x86
		{A2B015F5-63A3-4061-8BD6-61D716DA3389}.Release|x86.Deploy.0 = Release|x86
	EndGlobalSection
	GlobalSection(SolutionProperties) = preSolution
		HideSolutionNode = FALSE
	EndGlobalSection
EndGlobal
